
Microsoft Visual Studio Solution File, Format Version 12.00
# Visual Studio 15
VisualStudioVersion = 15.0.27130.2010
MinimumVisualStudioVersion = 10.0.40219.1
Project("{FAE04EC0-301F-11D3-BF4B-00C04F79EFBC}") = "PacConMan", "SamanthaPowell_PROG2200_Assignment4\PacConMan.csproj", "{9966221D-0797-4AFE-82A9-00C3C53FD43E}"
EndProject
Global
	GlobalSection(SolutionConfigurationPlatforms) = preSolution
		Debug|Any CPU = Debug|Any CPU
		Release|Any CPU = Release|Any CPU
	EndGlobalSection
	GlobalSection(ProjectConfigurationPlatforms) = postSolution
		{9966221D-0797-4AFE-82A9-00C3C53FD43E}.Debug|Any CPU.ActiveCfg = Debug|Any CPU
		{9966221D-0797-4AFE-82A9-00C3C53FD43E}.Debug|Any CPU.Build.0 = Debug|Any CPU
		{9966221D-0797-4AFE-82A9-00C3C53FD43E}.Release|Any CPU.ActiveCfg = Release|Any CPU
		{9966221D-0797-4AFE-82A9-00C3C53FD43E}.Release|Any CPU.Build.0 = Release|Any CPU
	EndGlobalSection
	GlobalSection(SolutionProperties) = preSolution
		HideSolutionNode = FALSE
	EndGlobalSection
	GlobalSection(ExtensibilityGlobals) = postSolution
		SolutionGuid = {099DA2E5-FBF4-4385-B984-6228D5D24377}
	EndGlobalSection
EndGlobal
